PODS:
  - AFNetworking (4.0.0):
    - AFNetworking/NSURLSession (= 4.0.0)
    - AFNetworking/Reachability (= 4.0.0)
    - AFNetworking/Security (= 4.0.0)
    - AFNetworking/Serialization (= 4.0.0)
    - AFNetworking/UIKit (= 4.0.0)
  - AFNetworking/NSURLSession (4.0.0):
    - AFNetworking/Reachability
    - AFNetworking/Security
    - AFNetworking/Serialization
  - AFNetworking/Reachability (4.0.0)
  - AFNetworking/Security (4.0.0)
  - AFNetworking/Serialization (4.0.0)
  - AFNetworking/UIKit (4.0.0):
    - AFNetworking/NSURLSession
  - Aspects (1.4.1)
  - CocoaLumberjack (3.6.1):
    - CocoaLumberjack/Core (= 3.6.1)
  - CocoaLumberjack/Core (3.6.1)
  - DoraemonKit/Core (3.0.0)
  - DoraemonKit/WithGPS (3.0.0):
    - DoraemonKit/Core
  - DoraemonKit/WithLoad (3.0.0):
    - DoraemonKit/Core
  - DoraemonKit/WithLogger (3.0.0):
    - CocoaLumberjack
    - DoraemonKit/Core
  - FastCoding (3.3)
  - FLEX (4.1.1)
  - FMDB (2.7.5):
    - FMDB/standard (= 2.7.5)
  - FMDB/standard (2.7.5)
  - KSCrash (1.15.21):
    - KSCrash/Installations (= 1.15.21)
  - KSCrash/Installations (1.15.21):
    - KSCrash/Recording
    - KSCrash/Reporting
  - KSCrash/Recording (1.15.21):
    - KSCrash/Recording/Tools (= 1.15.21)
  - KSCrash/Recording/Tools (1.15.21)
  - KSCrash/Reporting (1.15.21):
    - KSCrash/Recording
    - KSCrash/Reporting/Filters (= 1.15.21)
    - KSCrash/Reporting/MessageUI (= 1.15.21)
    - KSCrash/Reporting/Sinks (= 1.15.21)
    - KSCrash/Reporting/Tools (= 1.15.21)
  - KSCrash/Reporting/Filters (1.15.21):
    - KSCrash/Recording
    - KSCrash/Reporting/Filters/Alert (= 1.15.21)
    - KSCrash/Reporting/Filters/AppleFmt (= 1.15.21)
    - KSCrash/Reporting/Filters/Base (= 1.15.21)
    - KSCrash/Reporting/Filters/Basic (= 1.15.21)
    - KSCrash/Reporting/Filters/GZip (= 1.15.21)
    - KSCrash/Reporting/Filters/JSON (= 1.15.21)
    - KSCrash/Reporting/Filters/Sets (= 1.15.21)
    - KSCrash/Reporting/Filters/Stringify (= 1.15.21)
    - KSCrash/Reporting/Filters/Tools (= 1.15.21)
  - KSCrash/Reporting/Filters/Alert (1.15.21):
    - KSCrash/Recording
    - KSCrash/Reporting/Filters/Base
  - KSCrash/Reporting/Filters/AppleFmt (1.15.21):
    - KSCrash/Recording
    - KSCrash/Reporting/Filters/Base
  - KSCrash/Reporting/Filters/Base (1.15.21):
    - KSCrash/Recording
  - KSCrash/Reporting/Filters/Basic (1.15.21):
    - KSCrash/Recording
    - KSCrash/Reporting/Filters/Base
  - KSCrash/Reporting/Filters/GZip (1.15.21):
    - KSCrash/Recording
    - KSCrash/Reporting/Filters/Base
  - KSCrash/Reporting/Filters/JSON (1.15.21):
    - KSCrash/Recording
    - KSCrash/Reporting/Filters/Base
  - KSCrash/Reporting/Filters/Sets (1.15.21):
    - KSCrash/Recording
    - KSCrash/Reporting/Filters/AppleFmt
    - KSCrash/Reporting/Filters/Base
    - KSCrash/Reporting/Filters/Basic
    - KSCrash/Reporting/Filters/GZip
    - KSCrash/Reporting/Filters/JSON
    - KSCrash/Reporting/Filters/Stringify
  - KSCrash/Reporting/Filters/Stringify (1.15.21):
    - KSCrash/Recording
    - KSCrash/Reporting/Filters/Base
  - KSCrash/Reporting/Filters/Tools (1.15.21):
    - KSCrash/Recording
  - KSCrash/Reporting/MessageUI (1.15.21):
    - KSCrash/Recording
  - KSCrash/Reporting/Sinks (1.15.21):
    - KSCrash/Recording
    - KSCrash/Reporting/Filters
    - KSCrash/Reporting/Tools
  - KSCrash/Reporting/Tools (1.15.21):
    - KSCrash/Recording
  - Masonry (1.1.0)
  - MJExtension (3.2.1)
  - MJRefresh (3.4.1)
  - ReactiveObjC (3.1.1)
  - SDWebImage (5.7.2):
    - SDWebImage/Core (= 5.7.2)
  - SDWebImage/Core (5.7.2)
  - YLT_BaseLib (0.3.75):
    - FastCoding
    - FMDB
    - MJExtension
    - ReactiveObjC
  - YLT_Kit (0.3.62):
    - AFNetworking
    - Aspects
    - Masonry
    - MJRefresh
    - ReactiveObjC
    - SDWebImage
    - YLT_BaseLib

DEPENDENCIES:
  - DoraemonKit/Core
  - DoraemonKit/WithGPS
  - DoraemonKit/WithLoad
  - DoraemonKit/WithLogger
  - FLEX
  - KSCrash
  - YLT_BaseLib
  - YLT_Kit

SPEC REPOS:
  https://github.com/CocoaPods/Specs.git:
    - AFNetworking
    - Aspects
    - CocoaLumberjack
    - DoraemonKit
    - FastCoding
    - FLEX
    - FMDB
    - KSCrash
    - Masonry
    - MJExtension
    - MJRefresh
    - ReactiveObjC
    - SDWebImage
    - YLT_BaseLib
    - YLT_Kit

SPEC CHECKSUMS:
  AFNetworking: d9fdf484a3c723ec3c558a41cc5754c7e845ee77
  Aspects: 7595ba96a6727a58ebcbfc954497fc5d2fdde546
  CocoaLumberjack: b17ae15142558d08bbacf69775fa10c4abbebcc9
  DoraemonKit: 4ad75a74374d836425e947f0f891157cacfdcf46
  FastCoding: 3b590f7143a229780fa744b35084d85d9461587e
  FLEX: 81096107977a09836eb440173010ceeef01105d6
  FMDB: 2ce00b547f966261cd18927a3ddb07cb6f3db82a
  KSCrash: 47bc2f48bb5537f112432cfbea9a359aaf7a6cc5
  Masonry: 678fab65091a9290e40e2832a55e7ab731aad201
  MJExtension: 635f2c663dcb1bf76fa4b715b2570a5710aec545
  MJRefresh: 3153c59a363159092c08b2177ec3a7d09f90bfaf
  ReactiveObjC: 011caa393aa0383245f2dcf9bf02e86b80b36040
  SDWebImage: d9ea4959d99c52276dfada481987018fcaea3d58
  YLT_BaseLib: 80bc4b4c412bafd2bf74f5a8736b9df6ebcf09ac
  YLT_Kit: bcf6196fffc590e03493617f5db37e717c13070d

PODFILE CHECKSUM: d903d9e7247c1e2a34f572712d3b15c704e94b99

COCOAPODS: 1.8.3
