// !$*UTF8*$!
{
	archiveVersion = 1;
	classes = {
	};
	objectVersion = 51;
	objects = {

/* Begin PBXBuildFile section */
		2804F9DA243703F8002CA576 /* HomeViewController.m in Sources */ = {isa = PBXBuildFile; fileRef = 2804F9D9243703F8002CA576 /* HomeViewController.m */; };
		281F83E8249C9DD700367D2D /* NSMutableArray+GLSafe.m in Sources */ = {isa = PBXBuildFile; fileRef = 281F83E7249C9DD700367D2D /* NSMutableArray+GLSafe.m */; };
		281F83EB24A05AA500367D2D /* NSDictionary+GLSafe.m in Sources */ = {isa = PBXBuildFile; fileRef = 281F83EA24A05AA500367D2D /* NSDictionary+GLSafe.m */; };
		281F83EE24A05ECF00367D2D /* NSMutableDictionary+GLSafe.m in Sources */ = {isa = PBXBuildFile; fileRef = 281F83ED24A05ECF00367D2D /* NSMutableDictionary+GLSafe.m */; };
		281F83F124A0623800367D2D /* NSString+GLSafe.m in Sources */ = {isa = PBXBuildFile; fileRef = 281F83F024A0623800367D2D /* NSString+GLSafe.m */; };
		281F83F424A07D5600367D2D /* NSMutableString+GLSafe.m in Sources */ = {isa = PBXBuildFile; fileRef = 281F83F324A07D5600367D2D /* NSMutableString+GLSafe.m */; };
		284263F724642321003960AB /* UIColor+Common.m in Sources */ = {isa = PBXBuildFile; fileRef = 284263F624642321003960AB /* UIColor+Common.m */; };
		2842641F246552ED003960AB /* UIImageView+Common.m in Sources */ = {isa = PBXBuildFile; fileRef = 2842641E246552ED003960AB /* UIImageView+Common.m */; };
		287522FB2499C59E00EEB447 /* NSNull+GLSafe.m in Sources */ = {isa = PBXBuildFile; fileRef = 287522FA2499C59E00EEB447 /* NSNull+GLSafe.m */; };
		287522FE2499C64100EEB447 /* NSArray+GLSafe.m in Sources */ = {isa = PBXBuildFile; fileRef = 287522FD2499C64100EEB447 /* NSArray+GLSafe.m */; };
		287523012499EE4200EEB447 /* GLSafeTool.m in Sources */ = {isa = PBXBuildFile; fileRef = 287523002499EE4200EEB447 /* GLSafeTool.m */; };
		2876CE0C24C8123600F5647A /* GLFileLogger.m in Sources */ = {isa = PBXBuildFile; fileRef = 2876CE0B24C8123600F5647A /* GLFileLogger.m */; };
		28C1901024C0593100AA3DE5 /* CALayer+GLSDImage.m in Sources */ = {isa = PBXBuildFile; fileRef = 28C1900F24C0593100AA3DE5 /* CALayer+GLSDImage.m */; };
		28E784482490DA8F003EE5F2 /* GLRunloopTaskTool.m in Sources */ = {isa = PBXBuildFile; fileRef = 28E784472490DA8F003EE5F2 /* GLRunloopTaskTool.m */; };
		28FA9E7D243203CE00001EF6 /* AppDelegate.m in Sources */ = {isa = PBXBuildFile; fileRef = 28FA9E7C243203CE00001EF6 /* AppDelegate.m */; };
		28FA9E83243203CE00001EF6 /* ViewController.m in Sources */ = {isa = PBXBuildFile; fileRef = 28FA9E82243203CE00001EF6 /* ViewController.m */; };
		28FA9E86243203CE00001EF6 /* Main.storyboard in Resources */ = {isa = PBXBuildFile; fileRef = 28FA9E84243203CE00001EF6 /* Main.storyboard */; };
		28FA9E88243203D300001EF6 /* Assets.xcassets in Resources */ = {isa = PBXBuildFile; fileRef = 28FA9E87243203D300001EF6 /* Assets.xcassets */; };
		28FA9E8B243203D300001EF6 /* LaunchScreen.storyboard in Resources */ = {isa = PBXBuildFile; fileRef = 28FA9E89243203D300001EF6 /* LaunchScreen.storyboard */; };
		28FA9E8E243203D300001EF6 /* main.m in Sources */ = {isa = PBXBuildFile; fileRef = 28FA9E8D243203D300001EF6 /* main.m */; };
		28FA9E962432076600001EF6 /* TableViewListCell.m in Sources */ = {isa = PBXBuildFile; fileRef = 28FA9E952432076600001EF6 /* TableViewListCell.m */; };
		28FA9E992432083300001EF6 /* DetailViewController.m in Sources */ = {isa = PBXBuildFile; fileRef = 28FA9E982432083300001EF6 /* DetailViewController.m */; };
		28FA9E9C24321B0A00001EF6 /* FavoriteViewController.m in Sources */ = {isa = PBXBuildFile; fileRef = 28FA9E9B24321B0A00001EF6 /* FavoriteViewController.m */; };
		28FA9E9F24321BD000001EF6 /* DataManager.m in Sources */ = {isa = PBXBuildFile; fileRef = 28FA9E9E24321BD000001EF6 /* DataManager.m */; };
		394BBB01E78B1978BA0DF88D /* libPods-TableViewDemo.a in Frameworks */ = {isa = PBXBuildFile; fileRef = 3C42B83C3640BEFE47A1C97A /* libPods-TableViewDemo.a */; };
/* End PBXBuildFile section */

/* Begin PBXFileReference section */
		0234A0412B15F2C09911FC3D /* Pods-TableViewDemo.release.xcconfig */ = {isa = PBXFileReference; includeInIndex = 1; lastKnownFileType = text.xcconfig; name = "Pods-TableViewDemo.release.xcconfig"; path = "Target Support Files/Pods-TableViewDemo/Pods-TableViewDemo.release.xcconfig"; sourceTree = "<group>"; };
		2804F9D8243703F7002CA576 /* HomeViewController.h */ = {isa = PBXFileReference; lastKnownFileType = sourcecode.c.h; path = HomeViewController.h; sourceTree = "<group>"; };
		2804F9D9243703F8002CA576 /* HomeViewController.m */ = {isa = PBXFileReference; lastKnownFileType = sourcecode.c.objc; path = HomeViewController.m; sourceTree = "<group>"; };
		281F83E6249C9DD700367D2D /* NSMutableArray+GLSafe.h */ = {isa = PBXFileReference; lastKnownFileType = sourcecode.c.h; path = "NSMutableArray+GLSafe.h"; sourceTree = "<group>"; };
		281F83E7249C9DD700367D2D /* NSMutableArray+GLSafe.m */ = {isa = PBXFileReference; lastKnownFileType = sourcecode.c.objc; path = "NSMutableArray+GLSafe.m"; sourceTree = "<group>"; };
		281F83E924A05AA500367D2D /* NSDictionary+GLSafe.h */ = {isa = PBXFileReference; lastKnownFileType = sourcecode.c.h; path = "NSDictionary+GLSafe.h"; sourceTree = "<group>"; };
		281F83EA24A05AA500367D2D /* NSDictionary+GLSafe.m */ = {isa = PBXFileReference; lastKnownFileType = sourcecode.c.objc; path = "NSDictionary+GLSafe.m"; sourceTree = "<group>"; };
		281F83EC24A05ECF00367D2D /* NSMutableDictionary+GLSafe.h */ = {isa = PBXFileReference; lastKnownFileType = sourcecode.c.h; path = "NSMutableDictionary+GLSafe.h"; sourceTree = "<group>"; };
		281F83ED24A05ECF00367D2D /* NSMutableDictionary+GLSafe.m */ = {isa = PBXFileReference; lastKnownFileType = sourcecode.c.objc; path = "NSMutableDictionary+GLSafe.m"; sourceTree = "<group>"; };
		281F83EF24A0623800367D2D /* NSString+GLSafe.h */ = {isa = PBXFileReference; lastKnownFileType = sourcecode.c.h; path = "NSString+GLSafe.h"; sourceTree = "<group>"; };
		281F83F024A0623800367D2D /* NSString+GLSafe.m */ = {isa = PBXFileReference; lastKnownFileType = sourcecode.c.objc; path = "NSString+GLSafe.m"; sourceTree = "<group>"; };
		281F83F224A07D5600367D2D /* NSMutableString+GLSafe.h */ = {isa = PBXFileReference; lastKnownFileType = sourcecode.c.h; path = "NSMutableString+GLSafe.h"; sourceTree = "<group>"; };
		281F83F324A07D5600367D2D /* NSMutableString+GLSafe.m */ = {isa = PBXFileReference; lastKnownFileType = sourcecode.c.objc; path = "NSMutableString+GLSafe.m"; sourceTree = "<group>"; };
		284263F524642321003960AB /* UIColor+Common.h */ = {isa = PBXFileReference; lastKnownFileType = sourcecode.c.h; path = "UIColor+Common.h"; sourceTree = "<group>"; };
		284263F624642321003960AB /* UIColor+Common.m */ = {isa = PBXFileReference; lastKnownFileType = sourcecode.c.objc; path = "UIColor+Common.m"; sourceTree = "<group>"; };
		2842641D246552ED003960AB /* UIImageView+Common.h */ = {isa = PBXFileReference; lastKnownFileType = sourcecode.c.h; path = "UIImageView+Common.h"; sourceTree = "<group>"; };
		2842641E246552ED003960AB /* UIImageView+Common.m */ = {isa = PBXFileReference; lastKnownFileType = sourcecode.c.objc; path = "UIImageView+Common.m"; sourceTree = "<group>"; };
		287522F92499C59E00EEB447 /* NSNull+GLSafe.h */ = {isa = PBXFileReference; lastKnownFileType = sourcecode.c.h; path = "NSNull+GLSafe.h"; sourceTree = "<group>"; };
		287522FA2499C59E00EEB447 /* NSNull+GLSafe.m */ = {isa = PBXFileReference; lastKnownFileType = sourcecode.c.objc; path = "NSNull+GLSafe.m"; sourceTree = "<group>"; };
		287522FC2499C64100EEB447 /* NSArray+GLSafe.h */ = {isa = PBXFileReference; lastKnownFileType = sourcecode.c.h; path = "NSArray+GLSafe.h"; sourceTree = "<group>"; };
		287522FD2499C64100EEB447 /* NSArray+GLSafe.m */ = {isa = PBXFileReference; lastKnownFileType = sourcecode.c.objc; path = "NSArray+GLSafe.m"; sourceTree = "<group>"; };
		287522FF2499EE4200EEB447 /* GLSafeTool.h */ = {isa = PBXFileReference; lastKnownFileType = sourcecode.c.h; path = GLSafeTool.h; sourceTree = "<group>"; };
		287523002499EE4200EEB447 /* GLSafeTool.m */ = {isa = PBXFileReference; lastKnownFileType = sourcecode.c.objc; path = GLSafeTool.m; sourceTree = "<group>"; };
		2876CE0824C6FA7500F5647A /* GLCommonHeader.h */ = {isa = PBXFileReference; lastKnownFileType = sourcecode.c.h; path = GLCommonHeader.h; sourceTree = "<group>"; };
		2876CE0A24C8123600F5647A /* GLFileLogger.h */ = {isa = PBXFileReference; lastKnownFileType = sourcecode.c.h; path = GLFileLogger.h; sourceTree = "<group>"; };
		2876CE0B24C8123600F5647A /* GLFileLogger.m */ = {isa = PBXFileReference; lastKnownFileType = sourcecode.c.objc; path = GLFileLogger.m; sourceTree = "<group>"; };
		28C1900E24C0593100AA3DE5 /* CALayer+GLSDImage.h */ = {isa = PBXFileReference; lastKnownFileType = sourcecode.c.h; path = "CALayer+GLSDImage.h"; sourceTree = "<group>"; };
		28C1900F24C0593100AA3DE5 /* CALayer+GLSDImage.m */ = {isa = PBXFileReference; lastKnownFileType = sourcecode.c.objc; path = "CALayer+GLSDImage.m"; sourceTree = "<group>"; };
		28E784462490DA8F003EE5F2 /* GLRunloopTaskTool.h */ = {isa = PBXFileReference; fileEncoding = 4; lastKnownFileType = sourcecode.c.h; path = GLRunloopTaskTool.h; sourceTree = "<group>"; };
		28E784472490DA8F003EE5F2 /* GLRunloopTaskTool.m */ = {isa = PBXFileReference; fileEncoding = 4; lastKnownFileType = sourcecode.c.objc; path = GLRunloopTaskTool.m; sourceTree = "<group>"; };
		28FA9E78243203CE00001EF6 /* TableViewDemo.app */ = {isa = PBXFileReference; explicitFileType = wrapper.application; includeInIndex = 0; path = TableViewDemo.app; sourceTree = BUILT_PRODUCTS_DIR; };
		28FA9E7B243203CE00001EF6 /* AppDelegate.h */ = {isa = PBXFileReference; lastKnownFileType = sourcecode.c.h; path = AppDelegate.h; sourceTree = "<group>"; };
		28FA9E7C243203CE00001EF6 /* AppDelegate.m */ = {isa = PBXFileReference; lastKnownFileType = sourcecode.c.objc; path = AppDelegate.m; sourceTree = "<group>"; };
		28FA9E81243203CE00001EF6 /* ViewController.h */ = {isa = PBXFileReference; lastKnownFileType = sourcecode.c.h; path = ViewController.h; sourceTree = "<group>"; };
		28FA9E82243203CE00001EF6 /* ViewController.m */ = {isa = PBXFileReference; lastKnownFileType = sourcecode.c.objc; path = ViewController.m; sourceTree = "<group>"; };
		28FA9E85243203CE00001EF6 /* Base */ = {isa = PBXFileReference; lastKnownFileType = file.storyboard; name = Base; path = Base.lproj/Main.storyboard; sourceTree = "<group>"; };
		28FA9E87243203D300001EF6 /* Assets.xcassets */ = {isa = PBXFileReference; lastKnownFileType = folder.assetcatalog; path = Assets.xcassets; sourceTree = "<group>"; };
		28FA9E8A243203D300001EF6 /* Base */ = {isa = PBXFileReference; lastKnownFileType = file.storyboard; name = Base; path = Base.lproj/LaunchScreen.storyboard; sourceTree = "<group>"; };
		28FA9E8C243203D300001EF6 /* Info.plist */ = {isa = PBXFileReference; lastKnownFileType = text.plist.xml; path = Info.plist; sourceTree = "<group>"; };
		28FA9E8D243203D300001EF6 /* main.m */ = {isa = PBXFileReference; lastKnownFileType = sourcecode.c.objc; path = main.m; sourceTree = "<group>"; };
		28FA9E942432076600001EF6 /* TableViewListCell.h */ = {isa = PBXFileReference; lastKnownFileType = sourcecode.c.h; path = TableViewListCell.h; sourceTree = "<group>"; };
		28FA9E952432076600001EF6 /* TableViewListCell.m */ = {isa = PBXFileReference; lastKnownFileType = sourcecode.c.objc; path = TableViewListCell.m; sourceTree = "<group>"; };
		28FA9E972432083300001EF6 /* DetailViewController.h */ = {isa = PBXFileReference; lastKnownFileType = sourcecode.c.h; path = DetailViewController.h; sourceTree = "<group>"; };
		28FA9E982432083300001EF6 /* DetailViewController.m */ = {isa = PBXFileReference; lastKnownFileType = sourcecode.c.objc; path = DetailViewController.m; sourceTree = "<group>"; };
		28FA9E9A24321B0A00001EF6 /* FavoriteViewController.h */ = {isa = PBXFileReference; lastKnownFileType = sourcecode.c.h; path = FavoriteViewController.h; sourceTree = "<group>"; };
		28FA9E9B24321B0A00001EF6 /* FavoriteViewController.m */ = {isa = PBXFileReference; lastKnownFileType = sourcecode.c.objc; path = FavoriteViewController.m; sourceTree = "<group>"; };
		28FA9E9D24321BD000001EF6 /* DataManager.h */ = {isa = PBXFileReference; lastKnownFileType = sourcecode.c.h; path = DataManager.h; sourceTree = "<group>"; };
		28FA9E9E24321BD000001EF6 /* DataManager.m */ = {isa = PBXFileReference; lastKnownFileType = sourcecode.c.objc; path = DataManager.m; sourceTree = "<group>"; };
		3C42B83C3640BEFE47A1C97A /* libPods-TableViewDemo.a */ = {isa = PBXFileReference; explicitFileType = archive.ar; includeInIndex = 0; path = "libPods-TableViewDemo.a"; sourceTree = BUILT_PRODUCTS_DIR; };
		F23EBDC20903F4F76D1902AD /* Pods-TableViewDemo.debug.xcconfig */ = {isa = PBXFileReference; includeInIndex = 1; lastKnownFileType = text.xcconfig; name = "Pods-TableViewDemo.debug.xcconfig"; path = "Target Support Files/Pods-TableViewDemo/Pods-TableViewDemo.debug.xcconfig"; sourceTree = "<group>"; };
/* End PBXFileReference section */

/* Begin PBXFrameworksBuildPhase section */
		28FA9E75243203CE00001EF6 /* Frameworks */ = {
			isa = PBXFrameworksBuildPhase;
			buildActionMask = 2147483647;
			files = (
				394BBB01E78B1978BA0DF88D /* libPods-TableViewDemo.a in Frameworks */,
			);
			runOnlyForDeploymentPostprocessing = 0;
		};
/* End PBXFrameworksBuildPhase section */

/* Begin PBXGroup section */
		287522F82499C53300EEB447 /* GLSafe */ = {
			isa = PBXGroup;
			children = (
				287522F92499C59E00EEB447 /* NSNull+GLSafe.h */,
				287522FA2499C59E00EEB447 /* NSNull+GLSafe.m */,
				287522FC2499C64100EEB447 /* NSArray+GLSafe.h */,
				287522FD2499C64100EEB447 /* NSArray+GLSafe.m */,
				281F83E6249C9DD700367D2D /* NSMutableArray+GLSafe.h */,
				281F83E7249C9DD700367D2D /* NSMutableArray+GLSafe.m */,
				281F83E924A05AA500367D2D /* NSDictionary+GLSafe.h */,
				281F83EA24A05AA500367D2D /* NSDictionary+GLSafe.m */,
				281F83EC24A05ECF00367D2D /* NSMutableDictionary+GLSafe.h */,
				281F83ED24A05ECF00367D2D /* NSMutableDictionary+GLSafe.m */,
				281F83EF24A0623800367D2D /* NSString+GLSafe.h */,
				281F83F024A0623800367D2D /* NSString+GLSafe.m */,
				281F83F224A07D5600367D2D /* NSMutableString+GLSafe.h */,
				281F83F324A07D5600367D2D /* NSMutableString+GLSafe.m */,
				287522FF2499EE4200EEB447 /* GLSafeTool.h */,
				287523002499EE4200EEB447 /* GLSafeTool.m */,
			);
			path = GLSafe;
			sourceTree = "<group>";
		};
		2876CE0924C8120D00F5647A /* GLFileLogger */ = {
			isa = PBXGroup;
			children = (
				2876CE0A24C8123600F5647A /* GLFileLogger.h */,
				2876CE0B24C8123600F5647A /* GLFileLogger.m */,
			);
			path = GLFileLogger;
			sourceTree = "<group>";
		};
		28FA9E6F243203CE00001EF6 = {
			isa = PBXGroup;
			children = (
				28FA9E7A243203CE00001EF6 /* TableViewDemo */,
				28FA9E79243203CE00001EF6 /* Products */,
				8386BAB0DFC94410BDB36688 /* Pods */,
				D9D474DADB918416B8DD74FA /* Frameworks */,
			);
			sourceTree = "<group>";
		};
		28FA9E79243203CE00001EF6 /* Products */ = {
			isa = PBXGroup;
			children = (
				28FA9E78243203CE00001EF6 /* TableViewDemo.app */,
			);
			name = Products;
			sourceTree = "<group>";
		};
		28FA9E7A243203CE00001EF6 /* TableViewDemo */ = {
			isa = PBXGroup;
			children = (
				2876CE0924C8120D00F5647A /* GLFileLogger */,
				287522F82499C53300EEB447 /* GLSafe */,
				2876CE0824C6FA7500F5647A /* GLCommonHeader.h */,
				28FA9E7B243203CE00001EF6 /* AppDelegate.h */,
				28FA9E7C243203CE00001EF6 /* AppDelegate.m */,
				2804F9D8243703F7002CA576 /* HomeViewController.h */,
				2804F9D9243703F8002CA576 /* HomeViewController.m */,
				28FA9E81243203CE00001EF6 /* ViewController.h */,
				28FA9E82243203CE00001EF6 /* ViewController.m */,
				284263F524642321003960AB /* UIColor+Common.h */,
				284263F624642321003960AB /* UIColor+Common.m */,
				2842641D246552ED003960AB /* UIImageView+Common.h */,
				2842641E246552ED003960AB /* UIImageView+Common.m */,
				28C1900E24C0593100AA3DE5 /* CALayer+GLSDImage.h */,
				28C1900F24C0593100AA3DE5 /* CALayer+GLSDImage.m */,
				28E784462490DA8F003EE5F2 /* GLRunloopTaskTool.h */,
				28E784472490DA8F003EE5F2 /* GLRunloopTaskTool.m */,
				28FA9E942432076600001EF6 /* TableViewListCell.h */,
				28FA9E952432076600001EF6 /* TableViewListCell.m */,
				28FA9E972432083300001EF6 /* DetailViewController.h */,
				28FA9E982432083300001EF6 /* DetailViewController.m */,
				28FA9E9A24321B0A00001EF6 /* FavoriteViewController.h */,
				28FA9E9B24321B0A00001EF6 /* FavoriteViewController.m */,
				28FA9E84243203CE00001EF6 /* Main.storyboard */,
				28FA9E87243203D300001EF6 /* Assets.xcassets */,
				28FA9E89243203D300001EF6 /* LaunchScreen.storyboard */,
				28FA9E8C243203D300001EF6 /* Info.plist */,
				28FA9E8D243203D300001EF6 /* main.m */,
				28FA9E9D24321BD000001EF6 /* DataManager.h */,
				28FA9E9E24321BD000001EF6 /* DataManager.m */,
			);
			path = TableViewDemo;
			sourceTree = "<group>";
		};
		8386BAB0DFC94410BDB36688 /* Pods */ = {
			isa = PBXGroup;
			children = (
				F23EBDC20903F4F76D1902AD /* Pods-TableViewDemo.debug.xcconfig */,
				0234A0412B15F2C09911FC3D /* Pods-TableViewDemo.release.xcconfig */,
			);
			path = Pods;
			sourceTree = "<group>";
		};
		D9D474DADB918416B8DD74FA /* Frameworks */ = {
			isa = PBXGroup;
			children = (
				3C42B83C3640BEFE47A1C97A /* libPods-TableViewDemo.a */,
			);
			name = Frameworks;
			sourceTree = "<group>";
		};
/* End PBXGroup section */

/* Begin PBXNativeTarget section */
		28FA9E77243203CE00001EF6 /* TableViewDemo */ = {
			isa = PBXNativeTarget;
			buildConfigurationList = 28FA9E91243203D300001EF6 /* Build configuration list for PBXNativeTarget "TableViewDemo" */;
			buildPhases = (
				F7B51F4212CF2B7DC0AD046D /* [CP] Check Pods Manifest.lock */,
				28FA9E74243203CE00001EF6 /* Sources */,
				28FA9E75243203CE00001EF6 /* Frameworks */,
				28FA9E76243203CE00001EF6 /* Resources */,
				65F64F28CFA5EE4269A464E9 /* [CP] Copy Pods Resources */,
				69C8A806C511380523B52190 /* [CP] Embed Pods Frameworks */,
			);
			buildRules = (
			);
			dependencies = (
			);
			name = TableViewDemo;
			productName = TableViewDemo;
			productReference = 28FA9E78243203CE00001EF6 /* TableViewDemo.app */;
			productType = "com.apple.product-type.application";
		};
/* End PBXNativeTarget section */

/* Begin PBXProject section */
		28FA9E70243203CE00001EF6 /* Project object */ = {
			isa = PBXProject;
			attributes = {
				LastUpgradeCheck = 1130;
				ORGANIZATIONNAME = gelei;
				TargetAttributes = {
					28FA9E77243203CE00001EF6 = {
						CreatedOnToolsVersion = 11.3.1;
					};
				};
			};
			buildConfigurationList = 28FA9E73243203CE00001EF6 /* Build configuration list for PBXProject "TableViewDemo" */;
			compatibilityVersion = "Xcode 9.3";
			developmentRegion = en;
			hasScannedForEncodings = 0;
			knownRegions = (
				en,
				Base,
			);
			mainGroup = 28FA9E6F243203CE00001EF6;
			productRefGroup = 28FA9E79243203CE00001EF6 /* Products */;
			projectDirPath = "";
			projectRoot = "";
			targets = (
				28FA9E77243203CE00001EF6 /* TableViewDemo */,
			);
		};
/* End PBXProject section */

/* Begin PBXResourcesBuildPhase section */
		28FA9E76243203CE00001EF6 /* Resources */ = {
			isa = PBXResourcesBuildPhase;
			buildActionMask = 2147483647;
			files = (
				28FA9E8B243203D300001EF6 /* LaunchScreen.storyboard in Resources */,
				28FA9E88243203D300001EF6 /* Assets.xcassets in Resources */,
				28FA9E86243203CE00001EF6 /* Main.storyboard in Resources */,
			);
			runOnlyForDeploymentPostprocessing = 0;
		};
/* End PBXResourcesBuildPhase section */

/* Begin PBXShellScriptBuildPhase section */
		65F64F28CFA5EE4269A464E9 /* [CP] Copy Pods Resources */ = {
			isa = PBXShellScriptBuildPhase;
			buildActionMask = 2147483647;
			files = (
			);
			inputFileListPaths = (
				"${PODS_ROOT}/Target Support Files/Pods-TableViewDemo/Pods-TableViewDemo-resources-${CONFIGURATION}-input-files.xcfilelist",
			);
			name = "[CP] Copy Pods Resources";
			outputFileListPaths = (
				"${PODS_ROOT}/Target Support Files/Pods-TableViewDemo/Pods-TableViewDemo-resources-${CONFIGURATION}-output-files.xcfilelist",
			);
			runOnlyForDeploymentPostprocessing = 0;
			shellPath = /bin/sh;
			shellScript = "\"${PODS_ROOT}/Target Support Files/Pods-TableViewDemo/Pods-TableViewDemo-resources.sh\"\n";
			showEnvVarsInLog = 0;
		};
		69C8A806C511380523B52190 /* [CP] Embed Pods Frameworks */ = {
			isa = PBXShellScriptBuildPhase;
			buildActionMask = 2147483647;
			files = (
			);
			inputFileListPaths = (
				"${PODS_ROOT}/Target Support Files/Pods-TableViewDemo/Pods-TableViewDemo-frameworks-${CONFIGURATION}-input-files.xcfilelist",
			);
			name = "[CP] Embed Pods Frameworks";
			outputFileListPaths = (
				"${PODS_ROOT}/Target Support Files/Pods-TableViewDemo/Pods-TableViewDemo-frameworks-${CONFIGURATION}-output-files.xcfilelist",
			);
			runOnlyForDeploymentPostprocessing = 0;
			shellPath = /bin/sh;
			shellScript = "\"${PODS_ROOT}/Target Support Files/Pods-TableViewDemo/Pods-TableViewDemo-frameworks.sh\"\n";
			showEnvVarsInLog = 0;
		};
		F7B51F4212CF2B7DC0AD046D /* [CP] Check Pods Manifest.lock */ = {
			isa = PBXShellScriptBuildPhase;
			buildActionMask = 2147483647;
			files = (
			);
			inputFileListPaths = (
			);
			inputPaths = (
				"${PODS_PODFILE_DIR_PATH}/Podfile.lock",
				"${PODS_ROOT}/Manifest.lock",
			);
			name = "[CP] Check Pods Manifest.lock";
			outputFileListPaths = (
			);
			outputPaths = (
				"$(DERIVED_FILE_DIR)/Pods-TableViewDemo-checkManifestLockResult.txt",
			);
			runOnlyForDeploymentPostprocessing = 0;
			shellPath = /bin/sh;
			shellScript = "diff \"${PODS_PODFILE_DIR_PATH}/Podfile.lock\" \"${PODS_ROOT}/Manifest.lock\" > /dev/null\nif [ $? != 0 ] ; then\n    # print error to STDERR\n    echo \"error: The sandbox is not in sync with the Podfile.lock. Run 'pod install' or update your CocoaPods installation.\" >&2\n    exit 1\nfi\n# This output is used by Xcode 'outputs' to avoid re-running this script phase.\necho \"SUCCESS\" > \"${SCRIPT_OUTPUT_FILE_0}\"\n";
			showEnvVarsInLog = 0;
		};
/* End PBXShellScriptBuildPhase section */

/* Begin PBXSourcesBuildPhase section */
		28FA9E74243203CE00001EF6 /* Sources */ = {
			isa = PBXSourcesBuildPhase;
			buildActionMask = 2147483647;
			files = (
				287522FB2499C59E00EEB447 /* NSNull+GLSafe.m in Sources */,
				28E784482490DA8F003EE5F2 /* GLRunloopTaskTool.m in Sources */,
				28FA9E9C24321B0A00001EF6 /* FavoriteViewController.m in Sources */,
				28C1901024C0593100AA3DE5 /* CALayer+GLSDImage.m in Sources */,
				281F83F124A0623800367D2D /* NSString+GLSafe.m in Sources */,
				28FA9E83243203CE00001EF6 /* ViewController.m in Sources */,
				28FA9E7D243203CE00001EF6 /* AppDelegate.m in Sources */,
				28FA9E8E243203D300001EF6 /* main.m in Sources */,
				284263F724642321003960AB /* UIColor+Common.m in Sources */,
				2842641F246552ED003960AB /* UIImageView+Common.m in Sources */,
				281F83E8249C9DD700367D2D /* NSMutableArray+GLSafe.m in Sources */,
				2876CE0C24C8123600F5647A /* GLFileLogger.m in Sources */,
				2804F9DA243703F8002CA576 /* HomeViewController.m in Sources */,
				287522FE2499C64100EEB447 /* NSArray+GLSafe.m in Sources */,
				28FA9E9F24321BD000001EF6 /* DataManager.m in Sources */,
				28FA9E962432076600001EF6 /* TableViewListCell.m in Sources */,
				281F83EB24A05AA500367D2D /* NSDictionary+GLSafe.m in Sources */,
				28FA9E992432083300001EF6 /* DetailViewController.m in Sources */,
				287523012499EE4200EEB447 /* GLSafeTool.m in Sources */,
				281F83F424A07D5600367D2D /* NSMutableString+GLSafe.m in Sources */,
				281F83EE24A05ECF00367D2D /* NSMutableDictionary+GLSafe.m in Sources */,
			);
			runOnlyForDeploymentPostprocessing = 0;
		};
/* End PBXSourcesBuildPhase section */

/* Begin PBXVariantGroup section */
		28FA9E84243203CE00001EF6 /* Main.storyboard */ = {
			isa = PBXVariantGroup;
			children = (
				28FA9E85243203CE00001EF6 /* Base */,
			);
			name = Main.storyboard;
			sourceTree = "<group>";
		};
		28FA9E89243203D300001EF6 /* LaunchScreen.storyboard */ = {
			isa = PBXVariantGroup;
			children = (
				28FA9E8A243203D300001EF6 /* Base */,
			);
			name = LaunchScreen.storyboard;
			sourceTree = "<group>";
		};
/* End PBXVariantGroup section */

/* Begin XCBuildConfiguration section */
		28FA9E8F243203D300001EF6 /* Debug */ = {
			isa = XCBuildConfiguration;
			buildSettings = {
				ALWAYS_SEARCH_USER_PATHS = NO;
				CLANG_ANALYZER_NONNULL = YES;
				CLANG_ANALYZER_NUMBER_OBJECT_CONVERSION = YES_AGGRESSIVE;
				CLANG_CXX_LANGUAGE_STANDARD = "gnu++14";
				CLANG_CXX_LIBRARY = "libc++";
				CLANG_ENABLE_MODULES = YES;
				CLANG_ENABLE_OBJC_ARC = YES;
				CLANG_ENABLE_OBJC_WEAK = YES;
				CLANG_WARN_BLOCK_CAPTURE_AUTORELEASING = YES;
				CLANG_WARN_BOOL_CONVERSION = YES;
				CLANG_WARN_COMMA = YES;
				CLANG_WARN_CONSTANT_CONVERSION = YES;
				CLANG_WARN_DEPRECATED_OBJC_IMPLEMENTATIONS = YES;
				CLANG_WARN_DIRECT_OBJC_ISA_USAGE = YES_ERROR;
				CLANG_WARN_DOCUMENTATION_COMMENTS = YES;
				CLANG_WARN_EMPTY_BODY = YES;
				CLANG_WARN_ENUM_CONVERSION = YES;
				CLANG_WARN_INFINITE_RECURSION = YES;
				CLANG_WARN_INT_CONVERSION = YES;
				CLANG_WARN_NON_LITERAL_NULL_CONVERSION = YES;
				CLANG_WARN_OBJC_IMPLICIT_RETAIN_SELF = YES;
				CLANG_WARN_OBJC_LITERAL_CONVERSION = YES;
				CLANG_WARN_OBJC_ROOT_CLASS = YES_ERROR;
				CLANG_WARN_RANGE_LOOP_ANALYSIS = YES;
				CLANG_WARN_STRICT_PROTOTYPES = YES;
				CLANG_WARN_SUSPICIOUS_MOVE = YES;
				CLANG_WARN_UNGUARDED_AVAILABILITY = YES_AGGRESSIVE;
				CLANG_WARN_UNREACHABLE_CODE = YES;
				CLANG_WARN__DUPLICATE_METHOD_MATCH = YES;
				COPY_PHASE_STRIP = NO;
				DEBUG_INFORMATION_FORMAT = dwarf;
				ENABLE_STRICT_OBJC_MSGSEND = YES;
				ENABLE_TESTABILITY = YES;
				GCC_C_LANGUAGE_STANDARD = gnu11;
				GCC_DYNAMIC_NO_PIC = NO;
				GCC_NO_COMMON_BLOCKS = YES;
				GCC_OPTIMIZATION_LEVEL = 0;
				GCC_PREPROCESSOR_DEFINITIONS = (
					"DEBUG=1",
					"$(inherited)",
				);
				GCC_WARN_64_TO_32_BIT_CONVERSION = YES;
				GCC_WARN_ABOUT_RETURN_TYPE = YES_ERROR;
				GCC_WARN_UNDECLARED_SELECTOR = YES;
				GCC_WARN_UNINITIALIZED_AUTOS = YES_AGGRESSIVE;
				GCC_WARN_UNUSED_FUNCTION = YES;
				GCC_WARN_UNUSED_VARIABLE = YES;
				IPHONEOS_DEPLOYMENT_TARGET = 13.2;
				MTL_ENABLE_DEBUG_INFO = INCLUDE_SOURCE;
				MTL_FAST_MATH = YES;
				ONLY_ACTIVE_ARCH = YES;
				SDKROOT = iphoneos;
			};
			name = Debug;
		};
		28FA9E90243203D300001EF6 /* Release */ = {
			isa = XCBuildConfiguration;
			buildSettings = {
				ALWAYS_SEARCH_USER_PATHS = NO;
				CLANG_ANALYZER_NONNULL = YES;
				CLANG_ANALYZER_NUMBER_OBJECT_CONVERSION = YES_AGGRESSIVE;
				CLANG_CXX_LANGUAGE_STANDARD = "gnu++14";
				CLANG_CXX_LIBRARY = "libc++";
				CLANG_ENABLE_MODULES = YES;
				CLANG_ENABLE_OBJC_ARC = YES;
				CLANG_ENABLE_OBJC_WEAK = YES;
				CLANG_WARN_BLOCK_CAPTURE_AUTORELEASING = YES;
				CLANG_WARN_BOOL_CONVERSION = YES;
				CLANG_WARN_COMMA = YES;
				CLANG_WARN_CONSTANT_CONVERSION = YES;
				CLANG_WARN_DEPRECATED_OBJC_IMPLEMENTATIONS = YES;
				CLANG_WARN_DIRECT_OBJC_ISA_USAGE = YES_ERROR;
				CLANG_WARN_DOCUMENTATION_COMMENTS = YES;
				CLANG_WARN_EMPTY_BODY = YES;
				CLANG_WARN_ENUM_CONVERSION = YES;
				CLANG_WARN_INFINITE_RECURSION = YES;
				CLANG_WARN_INT_CONVERSION = YES;
				CLANG_WARN_NON_LITERAL_NULL_CONVERSION = YES;
				CLANG_WARN_OBJC_IMPLICIT_RETAIN_SELF = YES;
				CLANG_WARN_OBJC_LITERAL_CONVERSION = YES;
				CLANG_WARN_OBJC_ROOT_CLASS = YES_ERROR;
				CLANG_WARN_RANGE_LOOP_ANALYSIS = YES;
				CLANG_WARN_STRICT_PROTOTYPES = YES;
				CLANG_WARN_SUSPICIOUS_MOVE = YES;
				CLANG_WARN_UNGUARDED_AVAILABILITY = YES_AGGRESSIVE;
				CLANG_WARN_UNREACHABLE_CODE = YES;
				CLANG_WARN__DUPLICATE_METHOD_MATCH = YES;
				COPY_PHASE_STRIP = NO;
				DEBUG_INFORMATION_FORMAT = "dwarf-with-dsym";
				ENABLE_NS_ASSERTIONS = NO;
				ENABLE_STRICT_OBJC_MSGSEND = YES;
				GCC_C_LANGUAGE_STANDARD = gnu11;
				GCC_NO_COMMON_BLOCKS = YES;
				GCC_WARN_64_TO_32_BIT_CONVERSION = YES;
				GCC_WARN_ABOUT_RETURN_TYPE = YES_ERROR;
				GCC_WARN_UNDECLARED_SELECTOR = YES;
				GCC_WARN_UNINITIALIZED_AUTOS = YES_AGGRESSIVE;
				GCC_WARN_UNUSED_FUNCTION = YES;
				GCC_WARN_UNUSED_VARIABLE = YES;
				IPHONEOS_DEPLOYMENT_TARGET = 13.2;
				MTL_ENABLE_DEBUG_INFO = NO;
				MTL_FAST_MATH = YES;
				SDKROOT = iphoneos;
				VALIDATE_PRODUCT = YES;
			};
			name = Release;
		};
		28FA9E92243203D300001EF6 /* Debug */ = {
			isa = XCBuildConfiguration;
			baseConfigurationReference = F23EBDC20903F4F76D1902AD /* Pods-TableViewDemo.debug.xcconfig */;
			buildSettings = {
				ASSETCATALOG_COMPILER_APPICON_NAME = AppIcon;
				CODE_SIGN_STYLE = Automatic;
				DEBUG_INFORMATION_FORMAT = "dwarf-with-dsym";
				DEVELOPMENT_TEAM = L98X49N4LF;
				INFOPLIST_FILE = TableViewDemo/Info.plist;
				LD_RUNPATH_SEARCH_PATHS = (
					"$(inherited)",
					"@executable_path/Frameworks",
				);
				PRODUCT_BUNDLE_IDENTIFIER = com.glei.tabledemo;
				PRODUCT_NAME = "$(TARGET_NAME)";
				TARGETED_DEVICE_FAMILY = "1,2";
			};
			name = Debug;
		};
		28FA9E93243203D300001EF6 /* Release */ = {
			isa = XCBuildConfiguration;
			baseConfigurationReference = 0234A0412B15F2C09911FC3D /* Pods-TableViewDemo.release.xcconfig */;
			buildSettings = {
				ASSETCATALOG_COMPILER_APPICON_NAME = AppIcon;
				CODE_SIGN_STYLE = Automatic;
				DEVELOPMENT_TEAM = L98X49N4LF;
				INFOPLIST_FILE = TableViewDemo/Info.plist;
				LD_RUNPATH_SEARCH_PATHS = (
					"$(inherited)",
					"@executable_path/Frameworks",
				);
				PRODUCT_BUNDLE_IDENTIFIER = com.glei.tabledemo;
				PRODUCT_NAME = "$(TARGET_NAME)";
				TARGETED_DEVICE_FAMILY = "1,2";
			};
			name = Release;
		};
/* End XCBuildConfiguration section */

/* Begin XCConfigurationList section */
		28FA9E73243203CE00001EF6 /* Build configuration list for PBXProject "TableViewDemo" */ = {
			isa = XCConfigurationList;
			buildConfigurations = (
				28FA9E8F243203D300001EF6 /* Debug */,
				28FA9E90243203D300001EF6 /* Release */,
			);
			defaultConfigurationIsVisible = 0;
			defaultConfigurationName = Release;
		};
		28FA9E91243203D300001EF6 /* Build configuration list for PBXNativeTarget "TableViewDemo" */ = {
			isa = XCConfigurationList;
			buildConfigurations = (
				28FA9E92243203D300001EF6 /* Debug */,
				28FA9E93243203D300001EF6 /* Release */,
			);
			defaultConfigurationIsVisible = 0;
			defaultConfigurationName = Release;
		};
/* End XCConfigurationList section */
	};
	rootObject = 28FA9E70243203CE00001EF6 /* Project object */;
}
